
Microsoft Visual Studio Solution File, Format Version 12.00
# Visual Studio 15
VisualStudioVersion = 15.0.26730.3
MinimumVisualStudioVersion = 10.0.40219.1
Project("{FAE04EC0-301F-11D3-BF4B-00C04F79EFBC}") = "VideoEncode", "WindowsFormsApp1\VideoEncode.csproj", "{A48A41CD-24C6-4E3C-AA19-BEE8FEBBFBEB}"
EndProject
Global
	GlobalSection(SolutionConfigurationPlatforms) = preSolution
		Debug|Any CPU = Debug|Any CPU
		Release|Any CPU = Release|Any CPU
	EndGlobalSection
	GlobalSection(ProjectConfigurationPlatforms) = postSolution
		{A48A41CD-24C6-4E3C-AA19-BEE8FEBBFBEB}.Debug|Any CPU.ActiveCfg = Debug|Any CPU
		{A48A41CD-24C6-4E3C-AA19-BEE8FEBBFBEB}.Debug|Any CPU.Build.0 = Debug|Any CPU
		{A48A41CD-24C6-4E3C-AA19-BEE8FEBBFBEB}.Release|Any CPU.ActiveCfg = Release|Any CPU
		{A48A41CD-24C6-4E3C-AA19-BEE8FEBBFBEB}.Release|Any CPU.Build.0 = Release|Any CPU
	EndGlobalSection
	GlobalSection(SolutionProperties) = preSolution
		HideSolutionNode = FALSE
	EndGlobalSection
	GlobalSection(ExtensibilityGlobals) = postSolution
		SolutionGuid = {B0A49081-B711-4BF8-BE1E-AFF5E81F8AA9}
	EndGlobalSection
EndGlobal
